
Microsoft Visual Studio Solution File, Format Version 12.00
# Visual Studio Version 16
VisualStudioVersion = 16.0.31321.278
MinimumVisualStudioVersion = 10.0.40219.1
Project("{FAE04EC0-301F-11D3-BF4B-00C04F79EFBC}") = "AccMeter2.Android", "AccMeter2\AccMeter2.Android\AccMeter2.Android.csproj", "{9413B58E-7CEF-44DB-9AE9-D8232730F61E}"
EndProject
Project("{FAE04EC0-301F-11D3-BF4B-00C04F79EFBC}") = "AccMeter2", "AccMeter2\AccMeter2\AccMeter2.csproj", "{3B3DD5BB-684F-42A7-8478-18330F487BBC}"
EndProject
Global
	GlobalSection(SolutionConfigurationPlatforms) = preSolution
		Debug|Any CPU = Debug|Any CPU
		Release|Any CPU = Release|Any CPU
	EndGlobalSection
	GlobalSection(ProjectConfigurationPlatforms) = postSolution
		{9413B58E-7CEF-44DB-9AE9-D8232730F61E}.Debug|Any CPU.ActiveCfg = Debug|Any CPU
		{9413B58E-7CEF-44DB-9AE9-D8232730F61E}.Debug|Any CPU.Build.0 = Debug|Any CPU
		{9413B58E-7CEF-44DB-9AE9-D8232730F61E}.Debug|Any CPU.Deploy.0 = Debug|Any CPU
		{9413B58E-7CEF-44DB-9AE9-D8232730F61E}.Release|Any CPU.ActiveCfg = Release|Any CPU
		{9413B58E-7CEF-44DB-9AE9-D8232730F61E}.Release|Any CPU.Build.0 = Release|Any CPU
		{9413B58E-7CEF-44DB-9AE9-D8232730F61E}.Release|Any CPU.Deploy.0 = Release|Any CPU
		{3B3DD5BB-684F-42A7-8478-18330F487BBC}.Debug|Any CPU.ActiveCfg = Debug|Any CPU
		{3B3DD5BB-684F-42A7-8478-18330F487BBC}.Debug|Any CPU.Build.0 = Debug|Any CPU
		{3B3DD5BB-684F-42A7-8478-18330F487BBC}.Debug|Any CPU.Deploy.0 = Debug|Any CPU
		{3B3DD5BB-684F-42A7-8478-18330F487BBC}.Release|Any CPU.ActiveCfg = Release|Any CPU
		{3B3DD5BB-684F-42A7-8478-18330F487BBC}.Release|Any CPU.Build.0 = Release|Any CPU
		{3B3DD5BB-684F-42A7-8478-18330F487BBC}.Release|Any CPU.Deploy.0 = Release|Any CPU
	EndGlobalSection
	GlobalSection(SolutionProperties) = preSolution
		HideSolutionNode = FALSE
	EndGlobalSection
	GlobalSection(ExtensibilityGlobals) = postSolution
		SolutionGuid = {F5C42B48-7EEF-4CB3-B22E-3E7D8A8C69AA}
	EndGlobalSection
EndGlobal
